<?xml version="1.0" encoding="utf-8"?>
<Project ToolsVersion="4.0" xmlns="http://schemas.microsoft.com/developer/msbuild/2003">
  <ItemGroup>
    <Filter Include="Source Files">
      <UniqueIdentifier>{4FC737F1-C7A5-4376-A066-2A32D752A2FF}</UniqueIdentifier>
      <Extensions>cpp;c;cc;cxx;def;odl;idl;hpj;bat;asm;asmx</Extensions>
    </Filter>
    <Filter Include="Header Files">
      <UniqueIdentifier>{93995380-89BD-4b04-88EB-625FBE52EBFB}</UniqueIdentifier>
      <Extensions>h;hh;hpp;hxx;hm;inl;inc;xsd</Extensions>
    </Filter>
    <Filter Include="Resource Files">
      <UniqueIdentifier>{67DA6AB6-F800-4c08-8B7A-83BB121AAD01}</UniqueIdentifier>
      <Extensions>rc;ico;cur;bmp;dlg;rc2;rct;bin;rgs;gif;jpg;jpeg;jpe;resx;tiff;tif;png;wav;mfcribbon-ms</Extensions>
    </Filter>
  </ItemGroup>
  <ItemGroup>
    <ClInclude Include="stdafx.h">
      <Filter>Header Files</Filter>
    </ClInclude>
    <ClInclude Include="targetver.h">
      <Filter>Header Files</Filter>
    </ClInclude>
    <ClInclude Include="bundle.h">
      <Filter>Header Files</Filter>
    </ClInclude>
    <ClInclude Include="config.h">
      <Filter>Header Files</Filter>
    </ClInclude>
    <ClInclude Include="defs.h">
      <Filter>Header Files</Filter>
    </ClInclude>
    <ClInclude Include="dump_writer.h">
      <Filter>Header Files</Filter>
    </ClInclude>
    <ClInclude Include="expression_node.h">
      <Filter>Header Files</Filter>
    </ClInclude>
    <ClInclude Include="histogram_writer.h">
      <Filter>Header Files</Filter>
    </ClInclude>
    <ClInclude Include="kmc_header.h">
      <Filter>Header Files</Filter>
    </ClInclude>
    <ClInclude Include="kmc1_db_reader.h">
      <Filter>Header Files</Filter>
    </ClInclude>
    <ClInclude Include="kmc1_db_writer.h">
      <Filter>Header Files</Filter>
    </ClInclude>
    <ClInclude Include="kmer.h">
      <Filter>Header Files</Filter>
    </ClInclude>
    <ClInclude Include="meta_oper.h">
      <Filter>Header Files</Filter>
    </ClInclude>
    <ClInclude Include="nc_utils.h">
      <Filter>Header Files</Filter>
    </ClInclude>
    <ClInclude Include="operations.h">
      <Filter>Header Files</Filter>
    </ClInclude>
    <ClInclude Include="output_parser.h">
      <Filter>Header Files</Filter>
    </ClInclude>
    <ClInclude Include="parameters_parser.h">
      <Filter>Header Files</Filter>
    </ClInclude>
    <ClInclude Include="parser.h">
      <Filter>Header Files</Filter>
    </ClInclude>
    <ClInclude Include="tokenizer.h">
      <Filter>Header Files</Filter>
    </ClInclude>
    <ClInclude Include="queues.h">
      <Filter>Header Files</Filter>
    </ClInclude>
    <ClInclude Include="kmc2_db_reader.h">
      <Filter>Header Files</Filter>
    </ClInclude>
    <ClInclude Include="percent_progress.h">
      <Filter>Header Files</Filter>
    </ClInclude>
    <ClInclude Include="libs\bzlib.h">
      <Filter>Header Files</Filter>
    </ClInclude>
    <ClInclude Include="libs\bzlib_private.h">
      <Filter>Header Files</Filter>
    </ClInclude>
    <ClInclude Include="libs\zconf.h">
      <Filter>Header Files</Filter>
    </ClInclude>
    <ClInclude Include="libs\zlib.h">
      <Filter>Header Files</Filter>
    </ClInclude>
    <ClInclude Include="fastq_reader.h">
      <Filter>Header Files</Filter>
    </ClInclude>
    <ClInclude Include="fastq_filter.h">
      <Filter>Header Files</Filter>
    </ClInclude>
    <ClInclude Include="..\kmc_api\kmc_file.h">
      <Filter>Header Files</Filter>
    </ClInclude>
    <ClInclude Include="..\kmc_api\mmer.h">
      <Filter>Header Files</Filter>
    </ClInclude>
    <ClInclude Include="..\kmc_api\kmer_api.h">
      <Filter>Header Files</Filter>
    </ClInclude>
    <ClInclude Include="fastq_writer.h">
      <Filter>Header Files</Filter>
    </ClInclude>
    <ClInclude Include="timer.h">
      <Filter>Header Files</Filter>
    </ClInclude>
    <ClInclude Include="thread_watch.h">
      <Filter>Header Files</Filter>
    </ClInclude>
    <ClInclude Include="check_kmer.h">
      <Filter>Header Files</Filter>
    </ClInclude>
  </ItemGroup>
  <ItemGroup>
    <ClCompile Include="stdafx.cpp">
      <Filter>Source Files</Filter>
    </ClCompile>
    <ClCompile Include="kmc_tools.cpp">
      <Filter>Source Files</Filter>
    </ClCompile>
    <ClCompile Include="kmc_header.cpp">
      <Filter>Source Files</Filter>
    </ClCompile>
    <ClCompile Include="nc_utils.cpp">
      <Filter>Source Files</Filter>
    </ClCompile>
    <ClCompile Include="parameters_parser.cpp">
      <Filter>Source Files</Filter>
    </ClCompile>
    <ClCompile Include="parser.cpp">
      <Filter>Source Files</Filter>
    </ClCompile>
    <ClCompile Include="tokenizer.cpp">
      <Filter>Source Files</Filter>
    </ClCompile>
    <ClCompile Include="fastq_reader.cpp">
      <Filter>Source Files</Filter>
    </ClCompile>
    <ClCompile Include="fastq_filter.cpp">
      <Filter>Source Files</Filter>
    </ClCompile>
    <ClCompile Include="..\kmc_api\kmc_file.cpp">
      <Filter>Source Files</Filter>
    </ClCompile>
    <ClCompile Include="..\kmc_api\mmer.cpp">
      <Filter>Source Files</Filter>
    </ClCompile>
    <ClCompile Include="..\kmc_api\kmer_api.cpp">
      <Filter>Source Files</Filter>
    </ClCompile>
    <ClCompile Include="fastq_writer.cpp">
      <Filter>Source Files</Filter>
    </ClCompile>
    <ClCompile Include="percent_progress.cpp">
      <Filter>Source Files</Filter>
    </ClCompile>
    <ClCompile Include="thread_watch.cpp">
      <Filter>Source Files</Filter>
    </ClCompile>
  </ItemGroup>
  <ItemGroup>
    <Library Include="libs\zlibstat.lib" />
    <Library Include="libs\libbzip2.lib" />
  </ItemGroup>
</Project>