<?xml version="1.0" encoding="utf-8"?>
<Project ToolsVersion="4.0" xmlns="http://schemas.microsoft.com/developer/msbuild/2003">
  <ItemGroup>
    <ClCompile Include="bkb_reader.cpp">
      <Filter>Source Files</Filter>
    </ClCompile>
    <ClCompile Include="bkb_writer.cpp">
      <Filter>Source Files</Filter>
    </ClCompile>
    <ClCompile Include="cpu_info.cpp">
      <Filter>Source Files</Filter>
    </ClCompile>
    <ClCompile Include="develop.cpp">
      <Filter>Source Files</Filter>
    </ClCompile>
    <ClCompile Include="fastq_reader.cpp">
      <Filter>Source Files</Filter>
    </ClCompile>
    <ClCompile Include="kb_completer.cpp">
      <Filter>Source Files</Filter>
    </ClCompile>
    <ClCompile Include="kb_storer.cpp">
      <Filter>Source Files</Filter>
    </ClCompile>
    <ClCompile Include="kmer.cpp">
      <Filter>Source Files</Filter>
    </ClCompile>
    <ClCompile Include="kmer_counter.cpp">
      <Filter>Source Files</Filter>
    </ClCompile>
    <ClCompile Include="mem_disk_file.cpp">
      <Filter>Source Files</Filter>
    </ClCompile>
    <ClCompile Include="mmer.cpp">
      <Filter>Source Files</Filter>
    </ClCompile>
    <ClCompile Include="raduls_avx.cpp">
      <Filter>Source Files</Filter>
    </ClCompile>
    <ClCompile Include="raduls_avx2.cpp">
      <Filter>Source Files</Filter>
    </ClCompile>
    <ClCompile Include="raduls_sse2.cpp">
      <Filter>Source Files</Filter>
    </ClCompile>
    <ClCompile Include="raduls_sse41.cpp">
      <Filter>Source Files</Filter>
    </ClCompile>
    <ClCompile Include="rev_byte.cpp">
      <Filter>Source Files</Filter>
    </ClCompile>
    <ClCompile Include="stdafx.cpp">
      <Filter>Source Files</Filter>
    </ClCompile>
    <ClCompile Include="timer.cpp">
      <Filter>Source Files</Filter>
    </ClCompile>
    <ClCompile Include="splitter.cpp">
      <Filter>Source Files</Filter>
    </ClCompile>
    <ClCompile Include="kb_collector.cpp">
      <Filter>Source Files</Filter>
    </ClCompile>
  </ItemGroup>
  <ItemGroup>
    <ClInclude Include="libs\zconf.h" />
    <ClInclude Include="libs\zlib.h" />
    <ClInclude Include="bam_utils.h">
      <Filter>Header Files</Filter>
    </ClInclude>
    <ClInclude Include="binary_reader.h">
      <Filter>Header Files</Filter>
    </ClInclude>
    <ClInclude Include="bkb_merger.h">
      <Filter>Header Files</Filter>
    </ClInclude>
    <ClInclude Include="bkb_reader.h">
      <Filter>Header Files</Filter>
    </ClInclude>
    <ClInclude Include="bkb_sorter.h">
      <Filter>Header Files</Filter>
    </ClInclude>
    <ClInclude Include="bkb_subbin.h">
      <Filter>Header Files</Filter>
    </ClInclude>
    <ClInclude Include="bkb_uncompactor.h">
      <Filter>Header Files</Filter>
    </ClInclude>
    <ClInclude Include="bkb_writer.h">
      <Filter>Header Files</Filter>
    </ClInclude>
    <ClInclude Include="libs\bzlib.h">
      <Filter>Header Files</Filter>
    </ClInclude>
    <ClInclude Include="libs\bzlib_private.h">
      <Filter>Header Files</Filter>
    </ClInclude>
    <ClInclude Include="cpu_info.h">
      <Filter>Header Files</Filter>
    </ClInclude>
    <ClInclude Include="defs.h">
      <Filter>Header Files</Filter>
    </ClInclude>
    <ClInclude Include="develop.h">
      <Filter>Header Files</Filter>
    </ClInclude>
    <ClInclude Include="fastq_reader.h">
      <Filter>Header Files</Filter>
    </ClInclude>
    <ClInclude Include="first_dispatch.h">
      <Filter>Header Files</Filter>
    </ClInclude>
    <ClInclude Include="intr_copy.h">
      <Filter>Header Files</Filter>
    </ClInclude>
    <ClInclude Include="kb_collector.h">
      <Filter>Header Files</Filter>
    </ClInclude>
    <ClInclude Include="kb_completer.h">
      <Filter>Header Files</Filter>
    </ClInclude>
    <ClInclude Include="kb_reader.h">
      <Filter>Header Files</Filter>
    </ClInclude>
    <ClInclude Include="kb_sorter.h">
      <Filter>Header Files</Filter>
    </ClInclude>
    <ClInclude Include="kb_storer.h">
      <Filter>Header Files</Filter>
    </ClInclude>
    <ClInclude Include="kmc.h">
      <Filter>Header Files</Filter>
    </ClInclude>
    <ClInclude Include="kmer.h">
      <Filter>Header Files</Filter>
    </ClInclude>
    <ClInclude Include="kxmer_set.h">
      <Filter>Header Files</Filter>
    </ClInclude>
    <ClInclude Include="raduls_impl.h">
      <Filter>Header Files</Filter>
    </ClInclude>
    <ClInclude Include="mem_disk_file.h">
      <Filter>Header Files</Filter>
    </ClInclude>
    <ClInclude Include="meta_oper.h">
      <Filter>Header Files</Filter>
    </ClInclude>
    <ClInclude Include="mmer.h">
      <Filter>Header Files</Filter>
    </ClInclude>
    <ClInclude Include="params.h">
      <Filter>Header Files</Filter>
    </ClInclude>
    <ClInclude Include="percent_progress.h">
      <Filter>Header Files</Filter>
    </ClInclude>
    <ClInclude Include="queues.h">
      <Filter>Header Files</Filter>
    </ClInclude>
    <ClInclude Include="radix.h">
      <Filter>Header Files</Filter>
    </ClInclude>
    <ClInclude Include="raduls.h">
      <Filter>Header Files</Filter>
    </ClInclude>
    <ClInclude Include="targetver.h">
      <Filter>Header Files</Filter>
    </ClInclude>
    <ClInclude Include="rev_byte.h">
      <Filter>Header Files</Filter>
    </ClInclude>
    <ClInclude Include="s_mapper.h">
      <Filter>Header Files</Filter>
    </ClInclude>
    <ClInclude Include="small_k_buf.h">
      <Filter>Header Files</Filter>
    </ClInclude>
    <ClInclude Include="small_sort.h">
      <Filter>Header Files</Filter>
    </ClInclude>
    <ClInclude Include="splitter.h">
      <Filter>Header Files</Filter>
    </ClInclude>
    <ClInclude Include="stdafx.h">
      <Filter>Header Files</Filter>
    </ClInclude>
    <ClInclude Include="timer.h">
      <Filter>Header Files</Filter>
    </ClInclude>
  </ItemGroup>
  <ItemGroup>
    <Library Include="libs\libbzip2.lib" />
    <Library Include="libs\zlibstat.lib" />
  </ItemGroup>
  <ItemGroup>
    <Filter Include="Header Files">
      <UniqueIdentifier>{4a656899-d8cc-4129-a186-d262f1cd4944}</UniqueIdentifier>
    </Filter>
    <Filter Include="Source Files">
      <UniqueIdentifier>{9eb7a6f5-be1f-4b84-a2bf-70f3e454f255}</UniqueIdentifier>
    </Filter>
  </ItemGroup>
</Project>